
Microsoft Visual Studio Solution File, Format Version 12.00
# Visual Studio Version 17
VisualStudioVersion = 17.10.35201.131
MinimumVisualStudioVersion = 10.0.40219.1
Project("{2150E333-8FDC-42A3-9474-1A3956D46DE8}") = "Session 1 - Class library tutorial", "Session 1 - Class library tutorial", "{53F853AF-861F-4EC4-ADED-5B44D252FDBF}"
EndProject
Project("{9A19103F-16F7-4668-BE54-9A1E7A4F7556}") = "UtilitiesLibraries", "Class Library tutorial - StringLibrary\UtilitiesLibraries.csproj", "{81CE27C0-9955-47A8-BB8B-CD3533DBC7BD}"
EndProject
Project("{9A19103F-16F7-4668-BE54-9A1E7A4F7556}") = "ShowCase", "ShowCase\ShowCase.csproj", "{109DEE4D-070B-40DC-BA36-586B1107214B}"
EndProject
Project("{2150E333-8FDC-42A3-9474-1A3956D46DE8}") = "Session 1 - Unit testing tutorial", "Session 1 - Unit testing tutorial", "{3502ED53-76EA-4095-A2A1-7458561FED21}"
EndProject
Project("{9A19103F-16F7-4668-BE54-9A1E7A4F7556}") = "PrimeService", "unit-testing-using-dotnet-test\PrimeService\PrimeService.csproj", "{8D32E191-9DF4-4F98-89D5-50813C6A2314}"
EndProject
Project("{9A19103F-16F7-4668-BE54-9A1E7A4F7556}") = "PrimeService.Tests", "unit-testing-using-dotnet-test\PrimeService.Tests\PrimeService.Tests.csproj", "{89FD09EC-B0E1-4084-97DC-C9EC99A672C9}"
EndProject
Project("{2150E333-8FDC-42A3-9474-1A3956D46DE8}") = "Session 1 - Kap 35 xUnit test project", "Session 1 - Kap 35 xUnit test project", "{BF9183DA-98FA-419D-9C13-FD2F138ABB7D}"
EndProject
Project("{9A19103F-16F7-4668-BE54-9A1E7A4F7556}") = "TestProject", "TestProject\TestProject.csproj", "{D3F8777E-3C18-4208-A362-3F95171B5EE6}"
EndProject
Project("{2150E333-8FDC-42A3-9474-1A3956D46DE8}") = "Session 1 - SOLID eksempler", "Session 1 - SOLID eksempler", "{5D2005C7-7B94-47F6-BC70-2E547D0E7A2E}"
EndProject
Project("{2150E333-8FDC-42A3-9474-1A3956D46DE8}") = "Sesison 1 - Exercise 1 SOLID", "Sesison 1 - Exercise 1 SOLID", "{48B2373F-9C55-487D-8EB2-7B7E2BEC2407}"
EndProject
Project("{FAE04EC0-301F-11D3-BF4B-00C04F79EFBC}") = "BerengKvadratmeter", "BerengKvadratmeter\BerengKvadratmeter.csproj", "{70B25999-05A8-4BB8-AA03-DD7BAAF0A82E}"
EndProject
Project("{FAE04EC0-301F-11D3-BF4B-00C04F79EFBC}") = "BerergnKvadratmeterLøsning", "BerergnKvadratmeterLøsning\BerergnKvadratmeterLøsning.csproj", "{4D6F005B-12F2-4FAB-8F37-394765B53EFC}"
EndProject
Project("{FAE04EC0-301F-11D3-BF4B-00C04F79EFBC}") = "Before-After", "SOLID eksempler\Before-After\Before-After.csproj", "{54DBC33B-0CDB-485B-BC7C-2D980FBBF54D}"
EndProject
Project("{2150E333-8FDC-42A3-9474-1A3956D46DE8}") = "Session 2 - Uint test", "Session 2 - Uint test", "{F6345326-C816-4C46-A818-86281DDB7208}"
EndProject
Project("{FAE04EC0-301F-11D3-BF4B-00C04F79EFBC}") = "BusinessLogic", "BusinessLogic\BusinessLogic.csproj", "{3C710F1B-B73C-4062-88D0-49C492E8C626}"
EndProject
Project("{FAE04EC0-301F-11D3-BF4B-00C04F79EFBC}") = "BusinessLogic.Test", "BusinessLogic.Test\BusinessLogic.Test.csproj", "{A9E7452E-C6C9-44F1-B32E-6E9AB31CB18C}"
EndProject
Project("{2150E333-8FDC-42A3-9474-1A3956D46DE8}") = "Session 2 - Exercise 3", "Session 2 - Exercise 3", "{147E72C5-9D24-484F-802B-D1858C4FBBB3}"
EndProject
Project("{2150E333-8FDC-42A3-9474-1A3956D46DE8}") = "Session 2 - Exercise 2", "Session 2 - Exercise 2", "{B077484C-EBB4-48DF-90FD-E26A82605F4F}"
EndProject
Project("{FAE04EC0-301F-11D3-BF4B-00C04F79EFBC}") = "Exercise2.BusinessLogic", "Exercise2.BusinessLogic\Exercise2.BusinessLogic.csproj", "{36C03397-F5AD-4BAB-B0CD-6BB5C3D87931}"
EndProject
Project("{FAE04EC0-301F-11D3-BF4B-00C04F79EFBC}") = "Exercises2.BusinessLogic.Test", "Exercises2.BusinessLogic.Test\Exercises2.BusinessLogic.Test.csproj", "{C4B93AA6-370B-483A-B6E4-41822BE14CC7}"
EndProject
Project("{2150E333-8FDC-42A3-9474-1A3956D46DE8}") = "Session 3 - LinkedIn EF Core tutorial", "Session 3 - LinkedIn EF Core tutorial", "{0CE9C43C-FAEF-49E0-B6C4-BC0BB0F733A8}"
EndProject
Project("{FAE04EC0-301F-11D3-BF4B-00C04F79EFBC}") = "2. ContosoPizzaScaffolding", "ContosoPizzaScaffolding\2. ContosoPizzaScaffolding.csproj", "{3D6F662B-DB0D-4C5A-8DBD-49C8515E9BFA}"
EndProject
Project("{FAE04EC0-301F-11D3-BF4B-00C04F79EFBC}") = "3. ASP.NET Core web apps with EF Core", "ASP.NET Core web apps with EF Core\3. ASP.NET Core web apps with EF Core.csproj", "{E9F3C87A-50A0-442F-A3C5-3A796D4F4037}"
EndProject
Project("{FAE04EC0-301F-11D3-BF4B-00C04F79EFBC}") = "4. Change database provider", "Change database provider\4. Change database provider.csproj", "{77A0F240-62B3-405B-935A-BFFD4AAEDAF5}"
EndProject
Project("{FAE04EC0-301F-11D3-BF4B-00C04F79EFBC}") = "1. ContosoPizza - EF standard", "ContosoPizza\1. ContosoPizza - EF standard.csproj", "{E8AB9BA9-13FF-46E0-8DF1-0DC1D105891E}"
EndProject
Project("{2150E333-8FDC-42A3-9474-1A3956D46DE8}") = "Session 3 - Unit Test tutorial", "Session 3 - Unit Test tutorial", "{133283DD-F80D-4E9D-88F6-144DD1DAFAAF}"
EndProject
Project("{FAE04EC0-301F-11D3-BF4B-00C04F79EFBC}") = "Domain.Logic", "Domain.Logic\Domain.Logic.csproj", "{DCEA1E71-E6B7-40BB-9E34-6C16F5B7FD43}"
EndProject
Project("{FAE04EC0-301F-11D3-BF4B-00C04F79EFBC}") = "Domain.Test", "Domain.Test\Domain.Test.csproj", "{4A5F6513-D675-496C-AF37-DCEE9E944C8A}"
EndProject
Project("{FAE04EC0-301F-11D3-BF4B-00C04F79EFBC}") = "Web", "Web\Web.csproj", "{71764298-D76C-480A-9D21-5E768128EE64}"
EndProject
Project("{2150E333-8FDC-42A3-9474-1A3956D46DE8}") = "Session 5 - ASP.NET Core minimal Api", "Session 5 - ASP.NET Core minimal Api", "{A3CC4235-0744-4EEB-B59E-E831E1312890}"
EndProject
Project("{FAE04EC0-301F-11D3-BF4B-00C04F79EFBC}") = "Kap 3. Creating you first ASP.NET Core minimal API", "Kap 3. Creating you first ASP.NET Core minimal API\Kap 3. Creating you first ASP.NET Core minimal API.csproj", "{516F8D57-D7FE-4A65-8493-91F796FA3450}"
EndProject
Project("{2150E333-8FDC-42A3-9474-1A3956D46DE8}") = "LinkedIn C# Unit test", "LinkedIn C# Unit test", "{21E9929B-778B-45F4-AEF2-19615D24F14B}"
EndProject
Project("{FAE04EC0-301F-11D3-BF4B-00C04F79EFBC}") = "HPlusSportTDD.Core", "HPlusSportTDD.Core.Tests\HPlusSportTDD.Core.csproj", "{69D4013C-C571-4EA1-A570-6411E281B3BA}"
EndProject
Project("{2150E333-8FDC-42A3-9474-1A3956D46DE8}") = "Session 7 - middleware", "Session 7 - middleware", "{7C17F2AA-EE0C-4F76-A681-8C28A9112D01}"
EndProject
Project("{FAE04EC0-301F-11D3-BF4B-00C04F79EFBC}") = "Session7_Middleware_Eksempel", "Session7_Middleware_Eksempel\Session7_Middleware_Eksempel.csproj", "{E743A839-88D5-49AE-9476-BCAE87BDA838}"
EndProject
Project("{FAE04EC0-301F-11D3-BF4B-00C04F79EFBC}") = "Session7_Middleware_Eksempel2", "Session7_Middleware_Eksempel2\Session7_Middleware_Eksempel2.csproj", "{8CDD5A41-203A-4B20-B004-85B95AA5F861}"
EndProject
Project("{FAE04EC0-301F-11D3-BF4B-00C04F79EFBC}") = "Session7_Middleware_Eksempel3", "Session7_Middleware_Eksempel3\Session7_Middleware_Eksempel3.csproj", "{D4CC9DB4-3BC8-4550-ACFD-78ABD24A0D64}"
EndProject
Project("{2150E333-8FDC-42A3-9474-1A3956D46DE8}") = "Session 9 - Sockets", "Session 9 - Sockets", "{DD6E862D-0BB1-4F41-8DF2-07F1FDBC3AD5}"
EndProject
Project("{FAE04EC0-301F-11D3-BF4B-00C04F79EFBC}") = "Server", "Server\Server.csproj", "{D2421CB4-19C6-4044-A093-B44CC0D527CB}"
EndProject
Project("{FAE04EC0-301F-11D3-BF4B-00C04F79EFBC}") = "Client", "Client\Client.csproj", "{A99BA348-9377-4933-82AF-0D2FBF90BF44}"
EndProject
Global
	GlobalSection(SolutionConfigurationPlatforms) = preSolution
		Debug|Any CPU = Debug|Any CPU
		Release|Any CPU = Release|Any CPU
	EndGlobalSection
	GlobalSection(ProjectConfigurationPlatforms) = postSolution
		{81CE27C0-9955-47A8-BB8B-CD3533DBC7BD}.Debug|Any CPU.ActiveCfg = Debug|Any CPU
		{81CE27C0-9955-47A8-BB8B-CD3533DBC7BD}.Debug|Any CPU.Build.0 = Debug|Any CPU
		{81CE27C0-9955-47A8-BB8B-CD3533DBC7BD}.Release|Any CPU.ActiveCfg = Release|Any CPU
		{81CE27C0-9955-47A8-BB8B-CD3533DBC7BD}.Release|Any CPU.Build.0 = Release|Any CPU
		{109DEE4D-070B-40DC-BA36-586B1107214B}.Debug|Any CPU.ActiveCfg = Debug|Any CPU
		{109DEE4D-070B-40DC-BA36-586B1107214B}.Debug|Any CPU.Build.0 = Debug|Any CPU
		{109DEE4D-070B-40DC-BA36-586B1107214B}.Release|Any CPU.ActiveCfg = Release|Any CPU
		{109DEE4D-070B-40DC-BA36-586B1107214B}.Release|Any CPU.Build.0 = Release|Any CPU
		{8D32E191-9DF4-4F98-89D5-50813C6A2314}.Debug|Any CPU.ActiveCfg = Debug|Any CPU
		{8D32E191-9DF4-4F98-89D5-50813C6A2314}.Debug|Any CPU.Build.0 = Debug|Any CPU
		{8D32E191-9DF4-4F98-89D5-50813C6A2314}.Release|Any CPU.ActiveCfg = Release|Any CPU
		{8D32E191-9DF4-4F98-89D5-50813C6A2314}.Release|Any CPU.Build.0 = Release|Any CPU
		{89FD09EC-B0E1-4084-97DC-C9EC99A672C9}.Debug|Any CPU.ActiveCfg = Debug|Any CPU
		{89FD09EC-B0E1-4084-97DC-C9EC99A672C9}.Debug|Any CPU.Build.0 = Debug|Any CPU
		{89FD09EC-B0E1-4084-97DC-C9EC99A672C9}.Release|Any CPU.ActiveCfg = Release|Any CPU
		{89FD09EC-B0E1-4084-97DC-C9EC99A672C9}.Release|Any CPU.Build.0 = Release|Any CPU
		{D3F8777E-3C18-4208-A362-3F95171B5EE6}.Debug|Any CPU.ActiveCfg = Debug|Any CPU
		{D3F8777E-3C18-4208-A362-3F95171B5EE6}.Debug|Any CPU.Build.0 = Debug|Any CPU
		{D3F8777E-3C18-4208-A362-3F95171B5EE6}.Release|Any CPU.ActiveCfg = Release|Any CPU
		{D3F8777E-3C18-4208-A362-3F95171B5EE6}.Release|Any CPU.Build.0 = Release|Any CPU
		{70B25999-05A8-4BB8-AA03-DD7BAAF0A82E}.Debug|Any CPU.ActiveCfg = Debug|Any CPU
		{70B25999-05A8-4BB8-AA03-DD7BAAF0A82E}.Debug|Any CPU.Build.0 = Debug|Any CPU
		{70B25999-05A8-4BB8-AA03-DD7BAAF0A82E}.Release|Any CPU.ActiveCfg = Release|Any CPU
		{70B25999-05A8-4BB8-AA03-DD7BAAF0A82E}.Release|Any CPU.Build.0 = Release|Any CPU
		{4D6F005B-12F2-4FAB-8F37-394765B53EFC}.Debug|Any CPU.ActiveCfg = Debug|Any CPU
		{4D6F005B-12F2-4FAB-8F37-394765B53EFC}.Debug|Any CPU.Build.0 = Debug|Any CPU
		{4D6F005B-12F2-4FAB-8F37-394765B53EFC}.Release|Any CPU.ActiveCfg = Release|Any CPU
		{4D6F005B-12F2-4FAB-8F37-394765B53EFC}.Release|Any CPU.Build.0 = Release|Any CPU
		{54DBC33B-0CDB-485B-BC7C-2D980FBBF54D}.Debug|Any CPU.ActiveCfg = Debug|Any CPU
		{54DBC33B-0CDB-485B-BC7C-2D980FBBF54D}.Debug|Any CPU.Build.0 = Debug|Any CPU
		{54DBC33B-0CDB-485B-BC7C-2D980FBBF54D}.Release|Any CPU.ActiveCfg = Release|Any CPU
		{54DBC33B-0CDB-485B-BC7C-2D980FBBF54D}.Release|Any CPU.Build.0 = Release|Any CPU
		{3C710F1B-B73C-4062-88D0-49C492E8C626}.Debug|Any CPU.ActiveCfg = Debug|Any CPU
		{3C710F1B-B73C-4062-88D0-49C492E8C626}.Debug|Any CPU.Build.0 = Debug|Any CPU
		{3C710F1B-B73C-4062-88D0-49C492E8C626}.Release|Any CPU.ActiveCfg = Release|Any CPU
		{3C710F1B-B73C-4062-88D0-49C492E8C626}.Release|Any CPU.Build.0 = Release|Any CPU
		{A9E7452E-C6C9-44F1-B32E-6E9AB31CB18C}.Debug|Any CPU.ActiveCfg = Debug|Any CPU
		{A9E7452E-C6C9-44F1-B32E-6E9AB31CB18C}.Debug|Any CPU.Build.0 = Debug|Any CPU
		{A9E7452E-C6C9-44F1-B32E-6E9AB31CB18C}.Release|Any CPU.ActiveCfg = Release|Any CPU
		{A9E7452E-C6C9-44F1-B32E-6E9AB31CB18C}.Release|Any CPU.Build.0 = Release|Any CPU
		{36C03397-F5AD-4BAB-B0CD-6BB5C3D87931}.Debug|Any CPU.ActiveCfg = Debug|Any CPU
		{36C03397-F5AD-4BAB-B0CD-6BB5C3D87931}.Debug|Any CPU.Build.0 = Debug|Any CPU
		{36C03397-F5AD-4BAB-B0CD-6BB5C3D87931}.Release|Any CPU.ActiveCfg = Release|Any CPU
		{36C03397-F5AD-4BAB-B0CD-6BB5C3D87931}.Release|Any CPU.Build.0 = Release|Any CPU
		{C4B93AA6-370B-483A-B6E4-41822BE14CC7}.Debug|Any CPU.ActiveCfg = Debug|Any CPU
		{C4B93AA6-370B-483A-B6E4-41822BE14CC7}.Debug|Any CPU.Build.0 = Debug|Any CPU
		{C4B93AA6-370B-483A-B6E4-41822BE14CC7}.Release|Any CPU.ActiveCfg = Release|Any CPU
		{C4B93AA6-370B-483A-B6E4-41822BE14CC7}.Release|Any CPU.Build.0 = Release|Any CPU
		{3D6F662B-DB0D-4C5A-8DBD-49C8515E9BFA}.Debug|Any CPU.ActiveCfg = Debug|Any CPU
		{3D6F662B-DB0D-4C5A-8DBD-49C8515E9BFA}.Debug|Any CPU.Build.0 = Debug|Any CPU
		{3D6F662B-DB0D-4C5A-8DBD-49C8515E9BFA}.Release|Any CPU.ActiveCfg = Release|Any CPU
		{3D6F662B-DB0D-4C5A-8DBD-49C8515E9BFA}.Release|Any CPU.Build.0 = Release|Any CPU
		{E9F3C87A-50A0-442F-A3C5-3A796D4F4037}.Debug|Any CPU.ActiveCfg = Debug|Any CPU
		{E9F3C87A-50A0-442F-A3C5-3A796D4F4037}.Debug|Any CPU.Build.0 = Debug|Any CPU
		{E9F3C87A-50A0-442F-A3C5-3A796D4F4037}.Release|Any CPU.ActiveCfg = Release|Any CPU
		{E9F3C87A-50A0-442F-A3C5-3A796D4F4037}.Release|Any CPU.Build.0 = Release|Any CPU
		{77A0F240-62B3-405B-935A-BFFD4AAEDAF5}.Debug|Any CPU.ActiveCfg = Debug|Any CPU
		{77A0F240-62B3-405B-935A-BFFD4AAEDAF5}.Debug|Any CPU.Build.0 = Debug|Any CPU
		{77A0F240-62B3-405B-935A-BFFD4AAEDAF5}.Release|Any CPU.ActiveCfg = Release|Any CPU
		{77A0F240-62B3-405B-935A-BFFD4AAEDAF5}.Release|Any CPU.Build.0 = Release|Any CPU
		{E8AB9BA9-13FF-46E0-8DF1-0DC1D105891E}.Debug|Any CPU.ActiveCfg = Debug|Any CPU
		{E8AB9BA9-13FF-46E0-8DF1-0DC1D105891E}.Debug|Any CPU.Build.0 = Debug|Any CPU
		{E8AB9BA9-13FF-46E0-8DF1-0DC1D105891E}.Release|Any CPU.ActiveCfg = Release|Any CPU
		{E8AB9BA9-13FF-46E0-8DF1-0DC1D105891E}.Release|Any CPU.Build.0 = Release|Any CPU
		{DCEA1E71-E6B7-40BB-9E34-6C16F5B7FD43}.Debug|Any CPU.ActiveCfg = Debug|Any CPU
		{DCEA1E71-E6B7-40BB-9E34-6C16F5B7FD43}.Debug|Any CPU.Build.0 = Debug|Any CPU
		{DCEA1E71-E6B7-40BB-9E34-6C16F5B7FD43}.Release|Any CPU.ActiveCfg = Release|Any CPU
		{DCEA1E71-E6B7-40BB-9E34-6C16F5B7FD43}.Release|Any CPU.Build.0 = Release|Any CPU
		{4A5F6513-D675-496C-AF37-DCEE9E944C8A}.Debug|Any CPU.ActiveCfg = Debug|Any CPU
		{4A5F6513-D675-496C-AF37-DCEE9E944C8A}.Debug|Any CPU.Build.0 = Debug|Any CPU
		{4A5F6513-D675-496C-AF37-DCEE9E944C8A}.Release|Any CPU.ActiveCfg = Release|Any CPU
		{4A5F6513-D675-496C-AF37-DCEE9E944C8A}.Release|Any CPU.Build.0 = Release|Any CPU
		{71764298-D76C-480A-9D21-5E768128EE64}.Debug|Any CPU.ActiveCfg = Debug|Any CPU
		{71764298-D76C-480A-9D21-5E768128EE64}.Debug|Any CPU.Build.0 = Debug|Any CPU
		{71764298-D76C-480A-9D21-5E768128EE64}.Release|Any CPU.ActiveCfg = Release|Any CPU
		{71764298-D76C-480A-9D21-5E768128EE64}.Release|Any CPU.Build.0 = Release|Any CPU
		{516F8D57-D7FE-4A65-8493-91F796FA3450}.Debug|Any CPU.ActiveCfg = Debug|Any CPU
		{516F8D57-D7FE-4A65-8493-91F796FA3450}.Debug|Any CPU.Build.0 = Debug|Any CPU
		{516F8D57-D7FE-4A65-8493-91F796FA3450}.Release|Any CPU.ActiveCfg = Release|Any CPU
		{516F8D57-D7FE-4A65-8493-91F796FA3450}.Release|Any CPU.Build.0 = Release|Any CPU
		{69D4013C-C571-4EA1-A570-6411E281B3BA}.Debug|Any CPU.ActiveCfg = Debug|Any CPU
		{69D4013C-C571-4EA1-A570-6411E281B3BA}.Debug|Any CPU.Build.0 = Debug|Any CPU
		{69D4013C-C571-4EA1-A570-6411E281B3BA}.Release|Any CPU.ActiveCfg = Release|Any CPU
		{69D4013C-C571-4EA1-A570-6411E281B3BA}.Release|Any CPU.Build.0 = Release|Any CPU
		{E743A839-88D5-49AE-9476-BCAE87BDA838}.Debug|Any CPU.ActiveCfg = Debug|Any CPU
		{E743A839-88D5-49AE-9476-BCAE87BDA838}.Debug|Any CPU.Build.0 = Debug|Any CPU
		{E743A839-88D5-49AE-9476-BCAE87BDA838}.Release|Any CPU.ActiveCfg = Release|Any CPU
		{E743A839-88D5-49AE-9476-BCAE87BDA838}.Release|Any CPU.Build.0 = Release|Any CPU
		{8CDD5A41-203A-4B20-B004-85B95AA5F861}.Debug|Any CPU.ActiveCfg = Debug|Any CPU
		{8CDD5A41-203A-4B20-B004-85B95AA5F861}.Debug|Any CPU.Build.0 = Debug|Any CPU
		{8CDD5A41-203A-4B20-B004-85B95AA5F861}.Release|Any CPU.ActiveCfg = Release|Any CPU
		{8CDD5A41-203A-4B20-B004-85B95AA5F861}.Release|Any CPU.Build.0 = Release|Any CPU
		{D4CC9DB4-3BC8-4550-ACFD-78ABD24A0D64}.Debug|Any CPU.ActiveCfg = Debug|Any CPU
		{D4CC9DB4-3BC8-4550-ACFD-78ABD24A0D64}.Debug|Any CPU.Build.0 = Debug|Any CPU
		{D4CC9DB4-3BC8-4550-ACFD-78ABD24A0D64}.Release|Any CPU.ActiveCfg = Release|Any CPU
		{D4CC9DB4-3BC8-4550-ACFD-78ABD24A0D64}.Release|Any CPU.Build.0 = Release|Any CPU
		{D2421CB4-19C6-4044-A093-B44CC0D527CB}.Debug|Any CPU.ActiveCfg = Debug|Any CPU
		{D2421CB4-19C6-4044-A093-B44CC0D527CB}.Debug|Any CPU.Build.0 = Debug|Any CPU
		{D2421CB4-19C6-4044-A093-B44CC0D527CB}.Release|Any CPU.ActiveCfg = Release|Any CPU
		{D2421CB4-19C6-4044-A093-B44CC0D527CB}.Release|Any CPU.Build.0 = Release|Any CPU
		{A99BA348-9377-4933-82AF-0D2FBF90BF44}.Debug|Any CPU.ActiveCfg = Debug|Any CPU
		{A99BA348-9377-4933-82AF-0D2FBF90BF44}.Debug|Any CPU.Build.0 = Debug|Any CPU
		{A99BA348-9377-4933-82AF-0D2FBF90BF44}.Release|Any CPU.ActiveCfg = Release|Any CPU
		{A99BA348-9377-4933-82AF-0D2FBF90BF44}.Release|Any CPU.Build.0 = Release|Any CPU
	EndGlobalSection
	GlobalSection(SolutionProperties) = preSolution
		HideSolutionNode = FALSE
	EndGlobalSection
	GlobalSection(NestedProjects) = preSolution
		{81CE27C0-9955-47A8-BB8B-CD3533DBC7BD} = {53F853AF-861F-4EC4-ADED-5B44D252FDBF}
		{109DEE4D-070B-40DC-BA36-586B1107214B} = {53F853AF-861F-4EC4-ADED-5B44D252FDBF}
		{8D32E191-9DF4-4F98-89D5-50813C6A2314} = {3502ED53-76EA-4095-A2A1-7458561FED21}
		{89FD09EC-B0E1-4084-97DC-C9EC99A672C9} = {3502ED53-76EA-4095-A2A1-7458561FED21}
		{D3F8777E-3C18-4208-A362-3F95171B5EE6} = {BF9183DA-98FA-419D-9C13-FD2F138ABB7D}
		{70B25999-05A8-4BB8-AA03-DD7BAAF0A82E} = {48B2373F-9C55-487D-8EB2-7B7E2BEC2407}
		{4D6F005B-12F2-4FAB-8F37-394765B53EFC} = {48B2373F-9C55-487D-8EB2-7B7E2BEC2407}
		{54DBC33B-0CDB-485B-BC7C-2D980FBBF54D} = {5D2005C7-7B94-47F6-BC70-2E547D0E7A2E}
		{3C710F1B-B73C-4062-88D0-49C492E8C626} = {F6345326-C816-4C46-A818-86281DDB7208}
		{A9E7452E-C6C9-44F1-B32E-6E9AB31CB18C} = {F6345326-C816-4C46-A818-86281DDB7208}
		{36C03397-F5AD-4BAB-B0CD-6BB5C3D87931} = {B077484C-EBB4-48DF-90FD-E26A82605F4F}
		{C4B93AA6-370B-483A-B6E4-41822BE14CC7} = {B077484C-EBB4-48DF-90FD-E26A82605F4F}
		{3D6F662B-DB0D-4C5A-8DBD-49C8515E9BFA} = {0CE9C43C-FAEF-49E0-B6C4-BC0BB0F733A8}
		{E9F3C87A-50A0-442F-A3C5-3A796D4F4037} = {0CE9C43C-FAEF-49E0-B6C4-BC0BB0F733A8}
		{77A0F240-62B3-405B-935A-BFFD4AAEDAF5} = {0CE9C43C-FAEF-49E0-B6C4-BC0BB0F733A8}
		{E8AB9BA9-13FF-46E0-8DF1-0DC1D105891E} = {0CE9C43C-FAEF-49E0-B6C4-BC0BB0F733A8}
		{DCEA1E71-E6B7-40BB-9E34-6C16F5B7FD43} = {133283DD-F80D-4E9D-88F6-144DD1DAFAAF}
		{4A5F6513-D675-496C-AF37-DCEE9E944C8A} = {133283DD-F80D-4E9D-88F6-144DD1DAFAAF}
		{71764298-D76C-480A-9D21-5E768128EE64} = {133283DD-F80D-4E9D-88F6-144DD1DAFAAF}
		{516F8D57-D7FE-4A65-8493-91F796FA3450} = {A3CC4235-0744-4EEB-B59E-E831E1312890}
		{69D4013C-C571-4EA1-A570-6411E281B3BA} = {21E9929B-778B-45F4-AEF2-19615D24F14B}
		{E743A839-88D5-49AE-9476-BCAE87BDA838} = {7C17F2AA-EE0C-4F76-A681-8C28A9112D01}
		{8CDD5A41-203A-4B20-B004-85B95AA5F861} = {7C17F2AA-EE0C-4F76-A681-8C28A9112D01}
		{D4CC9DB4-3BC8-4550-ACFD-78ABD24A0D64} = {7C17F2AA-EE0C-4F76-A681-8C28A9112D01}
		{D2421CB4-19C6-4044-A093-B44CC0D527CB} = {DD6E862D-0BB1-4F41-8DF2-07F1FDBC3AD5}
		{A99BA348-9377-4933-82AF-0D2FBF90BF44} = {DD6E862D-0BB1-4F41-8DF2-07F1FDBC3AD5}
	EndGlobalSection
	GlobalSection(ExtensibilityGlobals) = postSolution
		SolutionGuid = {94E3AD26-637B-4EB0-A8ED-4006761E5E18}
	EndGlobalSection
EndGlobal
